// !$*UTF8*$!
{
	archiveVersion = 1;
	classes = {
	};
	objectVersion = 46;
	objects = {

/* Begin PBXBuildFile section */
		88387D4B1A5B79EB0095625D /* AppDelegate.swift in Sources */ = {isa = PBXBuildFile; fileRef = 88387D4A1A5B79EB0095625D /* AppDelegate.swift */; };
		88387D4D1A5B79EB0095625D /* ViewController.swift in Sources */ = {isa = PBXBuildFile; fileRef = 88387D4C1A5B79EB0095625D /* ViewController.swift */; };
		88387D501A5B79EB0095625D /* Main.storyboard in Resources */ = {isa = PBXBuildFile; fileRef = 88387D4E1A5B79EB0095625D /* Main.storyboard */; };
		88387D521A5B79EB0095625D /* Images.xcassets in Resources */ = {isa = PBXBuildFile; fileRef = 88387D511A5B79EB0095625D /* Images.xcassets */; };
		88387D551A5B79EB0095625D /* LaunchScreen.xib in Resources */ = {isa = PBXBuildFile; fileRef = 88387D531A5B79EB0095625D /* LaunchScreen.xib */; };
		88387D611A5B79EC0095625D /* GiantsTests.swift in Sources */ = {isa = PBXBuildFile; fileRef = 88387D601A5B79EC0095625D /* GiantsTests.swift */; };
		88387D6C1A5B7ADE0095625D /* giants.png in Resources */ = {isa = PBXBuildFile; fileRef = 88387D6A1A5B7ADE0095625D /* giants.png */; };
		88387D6D1A5B7ADE0095625D /* pence.png in Resources */ = {isa = PBXBuildFile; fileRef = 88387D6B1A5B7ADE0095625D /* pence.png */; };
		88387D6F1A5B85FA0095625D /* UIImage+Cropping.swift in Sources */ = {isa = PBXBuildFile; fileRef = 88387D6E1A5B85FA0095625D /* UIImage+Cropping.swift */; };
/* End PBXBuildFile section */

/* Begin PBXContainerItemProxy section */
		88387D5B1A5B79EB0095625D /* PBXContainerItemProxy */ = {
			isa = PBXContainerItemProxy;
			containerPortal = 88387D3D1A5B79EB0095625D /* Project object */;
			proxyType = 1;
			remoteGlobalIDString = 88387D441A5B79EB0095625D;
			remoteInfo = Giants;
		};
/* End PBXContainerItemProxy section */

/* Begin PBXFileReference section */
		88387D451A5B79EB0095625D /* Giants.app */ = {isa = PBXFileReference; explicitFileType = wrapper.application; includeInIndex = 0; path = Giants.app; sourceTree = BUILT_PRODUCTS_DIR; };
		88387D491A5B79EB0095625D /* Info.plist */ = {isa = PBXFileReference; lastKnownFileType = text.plist.xml; path = Info.plist; sourceTree = "<group>"; };
		88387D4A1A5B79EB0095625D /* AppDelegate.swift */ = {isa = PBXFileReference; lastKnownFileType = sourcecode.swift; path = AppDelegate.swift; sourceTree = "<group>"; };
		88387D4C1A5B79EB0095625D /* ViewController.swift */ = {isa = PBXFileReference; lastKnownFileType = sourcecode.swift; path = ViewController.swift; sourceTree = "<group>"; };
		88387D4F1A5B79EB0095625D /* Base */ = {isa = PBXFileReference; lastKnownFileType = file.storyboard; name = Base; path = Base.lproj/Main.storyboard; sourceTree = "<group>"; };
		88387D511A5B79EB0095625D /* Images.xcassets */ = {isa = PBXFileReference; lastKnownFileType = folder.assetcatalog; path = Images.xcassets; sourceTree = "<group>"; };
		88387D541A5B79EB0095625D /* Base */ = {isa = PBXFileReference; lastKnownFileType = file.xib; name = Base; path = Base.lproj/LaunchScreen.xib; sourceTree = "<group>"; };
		88387D5A1A5B79EB0095625D /* GiantsTests.xctest */ = {isa = PBXFileReference; explicitFileType = wrapper.cfbundle; includeInIndex = 0; path = GiantsTests.xctest; sourceTree = BUILT_PRODUCTS_DIR; };
		88387D5F1A5B79EB0095625D /* Info.plist */ = {isa = PBXFileReference; lastKnownFileType = text.plist.xml; path = Info.plist; sourceTree = "<group>"; };
		88387D601A5B79EC0095625D /* GiantsTests.swift */ = {isa = PBXFileReference; lastKnownFileType = sourcecode.swift; path = GiantsTests.swift; sourceTree = "<group>"; };
		88387D6A1A5B7ADE0095625D /* giants.png */ = {isa = PBXFileReference; lastKnownFileType = image.png; path = giants.png; sourceTree = "<group>"; };
		88387D6B1A5B7ADE0095625D /* pence.png */ = {isa = PBXFileReference; lastKnownFileType = image.png; path = pence.png; sourceTree = "<group>"; };
		88387D6E1A5B85FA0095625D /* UIImage+Cropping.swift */ = {isa = PBXFileReference; fileEncoding = 4; lastKnownFileType = sourcecode.swift; path = "UIImage+Cropping.swift"; sourceTree = "<group>"; };
/* End PBXFileReference section */

/* Begin PBXFrameworksBuildPhase section */
		88387D421A5B79EB0095625D /* Frameworks */ = {
			isa = PBXFrameworksBuildPhase;
			buildActionMask = 2147483647;
			files = (
			);
			runOnlyForDeploymentPostprocessing = 0;
		};
		88387D571A5B79EB0095625D /* Frameworks */ = {
			isa = PBXFrameworksBuildPhase;
			buildActionMask = 2147483647;
			files = (
			);
			runOnlyForDeploymentPostprocessing = 0;
		};
/* End PBXFrameworksBuildPhase section */

/* Begin PBXGroup section */
		88387D3C1A5B79EB0095625D = {
			isa = PBXGroup;
			children = (
				88387D471A5B79EB0095625D /* Giants */,
				88387D5D1A5B79EB0095625D /* GiantsTests */,
				88387D461A5B79EB0095625D /* Products */,
			);
			sourceTree = "<group>";
		};
		88387D461A5B79EB0095625D /* Products */ = {
			isa = PBXGroup;
			children = (
				88387D451A5B79EB0095625D /* Giants.app */,
				88387D5A1A5B79EB0095625D /* GiantsTests.xctest */,
			);
			name = Products;
			sourceTree = "<group>";
		};
		88387D471A5B79EB0095625D /* Giants */ = {
			isa = PBXGroup;
			children = (
				88387D6A1A5B7ADE0095625D /* giants.png */,
				88387D6B1A5B7ADE0095625D /* pence.png */,
				88387D4A1A5B79EB0095625D /* AppDelegate.swift */,
				88387D4C1A5B79EB0095625D /* ViewController.swift */,
				88387D4E1A5B79EB0095625D /* Main.storyboard */,
				88387D511A5B79EB0095625D /* Images.xcassets */,
				88387D531A5B79EB0095625D /* LaunchScreen.xib */,
				88387D481A5B79EB0095625D /* Supporting Files */,
				88387D6E1A5B85FA0095625D /* UIImage+Cropping.swift */,
			);
			path = Giants;
			sourceTree = "<group>";
		};
		88387D481A5B79EB0095625D /* Supporting Files */ = {
			isa = PBXGroup;
			children = (
				88387D491A5B79EB0095625D /* Info.plist */,
			);
			name = "Supporting Files";
			sourceTree = "<group>";
		};
		88387D5D1A5B79EB0095625D /* GiantsTests */ = {
			isa = PBXGroup;
			children = (
				88387D601A5B79EC0095625D /* GiantsTests.swift */,
				88387D5E1A5B79EB0095625D /* Supporting Files */,
			);
			path = GiantsTests;
			sourceTree = "<group>";
		};
		88387D5E1A5B79EB0095625D /* Supporting Files */ = {
			isa = PBXGroup;
			children = (
				88387D5F1A5B79EB0095625D /* Info.plist */,
			);
			name = "Supporting Files";
			sourceTree = "<group>";
		};
/* End PBXGroup section */

/* Begin PBXNativeTarget section */
		88387D441A5B79EB0095625D /* Giants */ = {
			isa = PBXNativeTarget;
			buildConfigurationList = 88387D641A5B79EC0095625D /* Build configuration list for PBXNativeTarget "Giants" */;
			buildPhases = (
				88387D411A5B79EB0095625D /* Sources */,
				88387D421A5B79EB0095625D /* Frameworks */,
				88387D431A5B79EB0095625D /* Resources */,
			);
			buildRules = (
			);
			dependencies = (
			);
			name = Giants;
			productName = Giants;
			productReference = 88387D451A5B79EB0095625D /* Giants.app */;
			productType = "com.apple.product-type.application";
		};
		88387D591A5B79EB0095625D /* GiantsTests */ = {
			isa = PBXNativeTarget;
			buildConfigurationList = 88387D671A5B79EC0095625D /* Build configuration list for PBXNativeTarget "GiantsTests" */;
			buildPhases = (
				88387D561A5B79EB0095625D /* Sources */,
				88387D571A5B79EB0095625D /* Frameworks */,
				88387D581A5B79EB0095625D /* Resources */,
			);
			buildRules = (
			);
			dependencies = (
				88387D5C1A5B79EB0095625D /* PBXTargetDependency */,
			);
			name = GiantsTests;
			productName = GiantsTests;
			productReference = 88387D5A1A5B79EB0095625D /* GiantsTests.xctest */;
			productType = "com.apple.product-type.bundle.unit-test";
		};
/* End PBXNativeTarget section */

/* Begin PBXProject section */
		88387D3D1A5B79EB0095625D /* Project object */ = {
			isa = PBXProject;
			attributes = {
				LastUpgradeCheck = 0610;
				ORGANIZATIONNAME = "Timothy Dang";
				TargetAttributes = {
					88387D441A5B79EB0095625D = {
						CreatedOnToolsVersion = 6.1.1;
					};
					88387D591A5B79EB0095625D = {
						CreatedOnToolsVersion = 6.1.1;
						TestTargetID = 88387D441A5B79EB0095625D;
					};
				};
			};
			buildConfigurationList = 88387D401A5B79EB0095625D /* Build configuration list for PBXProject "Giants" */;
			compatibilityVersion = "Xcode 3.2";
			developmentRegion = English;
			hasScannedForEncodings = 0;
			knownRegions = (
				en,
				Base,
			);
			mainGroup = 88387D3C1A5B79EB0095625D;
			productRefGroup = 88387D461A5B79EB0095625D /* Products */;
			projectDirPath = "";
			projectRoot = "";
			targets = (
				88387D441A5B79EB0095625D /* Giants */,
				88387D591A5B79EB0095625D /* GiantsTests */,
			);
		};
/* End PBXProject section */

/* Begin PBXResourcesBuildPhase section */
		88387D431A5B79EB0095625D /* Resources */ = {
			isa = PBXResourcesBuildPhase;
			buildActionMask = 2147483647;
			files = (
				88387D501A5B79EB0095625D /* Main.storyboard in Resources */,
				88387D551A5B79EB0095625D /* LaunchScreen.xib in Resources */,
				88387D6D1A5B7ADE0095625D /* pence.png in Resources */,
				88387D521A5B79EB0095625D /* Images.xcassets in Resources */,
				88387D6C1A5B7ADE0095625D /* giants.png in Resources */,
			);
			runOnlyForDeploymentPostprocessing = 0;
		};
		88387D581A5B79EB0095625D /* Resources */ = {
			isa = PBXResourcesBuildPhase;
			buildActionMask = 2147483647;
			files = (
			);
			runOnlyForDeploymentPostprocessing = 0;
		};
/* End PBXResourcesBuildPhase section */

/* Begin PBXSourcesBuildPhase section */
		88387D411A5B79EB0095625D /* Sources */ = {
			isa = PBXSourcesBuildPhase;
			buildActionMask = 2147483647;
			files = (
				88387D4D1A5B79EB0095625D /* ViewController.swift in Sources */,
				88387D4B1A5B79EB0095625D /* AppDelegate.swift in Sources */,
				88387D6F1A5B85FA0095625D /* UIImage+Cropping.swift in Sources */,
			);
			runOnlyForDeploymentPostprocessing = 0;
		};
		88387D561A5B79EB0095625D /* Sources */ = {
			isa = PBXSourcesBuildPhase;
			buildActionMask = 2147483647;
			files = (
				88387D611A5B79EC0095625D /* GiantsTests.swift in Sources */,
			);
			runOnlyForDeploymentPostprocessing = 0;
		};
/* End PBXSourcesBuildPhase section */

/* Begin PBXTargetDependency section */
		88387D5C1A5B79EB0095625D /* PBXTargetDependency */ = {
			isa = PBXTargetDependency;
			target = 88387D441A5B79EB0095625D /* Giants */;
			targetProxy = 88387D5B1A5B79EB0095625D /* PBXContainerItemProxy */;
		};
/* End PBXTargetDependency section */

/* Begin PBXVariantGroup section */
		88387D4E1A5B79EB0095625D /* Main.storyboard */ = {
			isa = PBXVariantGroup;
			children = (
				88387D4F1A5B79EB0095625D /* Base */,
			);
			name = Main.storyboard;
			sourceTree = "<group>";
		};
		88387D531A5B79EB0095625D /* LaunchScreen.xib */ = {
			isa = PBXVariantGroup;
			children = (
				88387D541A5B79EB0095625D /* Base */,
			);
			name = LaunchScreen.xib;
			sourceTree = "<group>";
		};
/* End PBXVariantGroup section */

/* Begin XCBuildConfiguration section */
		88387D621A5B79EC0095625D /* Debug */ = {
			isa = XCBuildConfiguration;
			buildSettings = {
				ALWAYS_SEARCH_USER_PATHS = NO;
				CLANG_CXX_LANGUAGE_STANDARD = "gnu++0x";
				CLANG_CXX_LIBRARY = "libc++";
				CLANG_ENABLE_MODULES = YES;
				CLANG_ENABLE_OBJC_ARC = YES;
				CLANG_WARN_BOOL_CONVERSION = YES;
				CLANG_WARN_CONSTANT_CONVERSION = YES;
				CLANG_WARN_DIRECT_OBJC_ISA_USAGE = YES_ERROR;
				CLANG_WARN_EMPTY_BODY = YES;
				CLANG_WARN_ENUM_CONVERSION = YES;
				CLANG_WARN_INT_CONVERSION = YES;
				CLANG_WARN_OBJC_ROOT_CLASS = YES_ERROR;
				CLANG_WARN_UNREACHABLE_CODE = YES;
				CLANG_WARN__DUPLICATE_METHOD_MATCH = YES;
				"CODE_SIGN_IDENTITY[sdk=iphoneos*]" = "iPhone Developer";
				COPY_PHASE_STRIP = NO;
				ENABLE_STRICT_OBJC_MSGSEND = YES;
				GCC_C_LANGUAGE_STANDARD = gnu99;
				GCC_DYNAMIC_NO_PIC = NO;
				GCC_OPTIMIZATION_LEVEL = 0;
				GCC_PREPROCESSOR_DEFINITIONS = (
					"DEBUG=1",
					"$(inherited)",
				);
				GCC_SYMBOLS_PRIVATE_EXTERN = NO;
				GCC_WARN_64_TO_32_BIT_CONVERSION = YES;
				GCC_WARN_ABOUT_RETURN_TYPE = YES_ERROR;
				GCC_WARN_UNDECLARED_SELECTOR = YES;
				GCC_WARN_UNINITIALIZED_AUTOS = YES_AGGRESSIVE;
				GCC_WARN_UNUSED_FUNCTION = YES;
				GCC_WARN_UNUSED_VARIABLE = YES;
				IPHONEOS_DEPLOYMENT_TARGET = 8.1;
				MTL_ENABLE_DEBUG_INFO = YES;
				ONLY_ACTIVE_ARCH = YES;
				SDKROOT = iphoneos;
				SWIFT_OPTIMIZATION_LEVEL = "-Onone";
				TARGETED_DEVICE_FAMILY = "1,2";
			};
			name = Debug;
		};
		88387D631A5B79EC0095625D /* Release */ = {
			isa = XCBuildConfiguration;
			buildSettings = {
				ALWAYS_SEARCH_USER_PATHS = NO;
				CLANG_CXX_LANGUAGE_STANDARD = "gnu++0x";
				CLANG_CXX_LIBRARY = "libc++";
				CLANG_ENABLE_MODULES = YES;
				CLANG_ENABLE_OBJC_ARC = YES;
				CLANG_WARN_BOOL_CONVERSION = YES;
				CLANG_WARN_CONSTANT_CONVERSION = YES;
				CLANG_WARN_DIRECT_OBJC_ISA_USAGE = YES_ERROR;
				CLANG_WARN_EMPTY_BODY = YES;
				CLANG_WARN_ENUM_CONVERSION = YES;
				CLANG_WARN_INT_CONVERSION = YES;
				CLANG_WARN_OBJC_ROOT_CLASS = YES_ERROR;
				CLANG_WARN_UNREACHABLE_CODE = YES;
				CLANG_WARN__DUPLICATE_METHOD_MATCH = YES;
				"CODE_SIGN_IDENTITY[sdk=iphoneos*]" = "iPhone Developer";
				COPY_PHASE_STRIP = YES;
				ENABLE_NS_ASSERTIONS = NO;
				ENABLE_STRICT_OBJC_MSGSEND = YES;
				GCC_C_LANGUAGE_STANDARD = gnu99;
				GCC_WARN_64_TO_32_BIT_CONVERSION = YES;
				GCC_WARN_ABOUT_RETURN_TYPE = YES_ERROR;
				GCC_WARN_UNDECLARED_SELECTOR = YES;
				GCC_WARN_UNINITIALIZED_AUTOS = YES_AGGRESSIVE;
				GCC_WARN_UNUSED_FUNCTION = YES;
				GCC_WARN_UNUSED_VARIABLE = YES;
				IPHONEOS_DEPLOYMENT_TARGET = 8.1;
				MTL_ENABLE_DEBUG_INFO = NO;
				SDKROOT = iphoneos;
				TARGETED_DEVICE_FAMILY = "1,2";
				VALIDATE_PRODUCT = YES;
			};
			name = Release;
		};
		88387D651A5B79EC0095625D /* Debug */ = {
			isa = XCBuildConfiguration;
			buildSettings = {
				ASSETCATALOG_COMPILER_APPICON_NAME = AppIcon;
				INFOPLIST_FILE = Giants/Info.plist;
				LD_RUNPATH_SEARCH_PATHS = "$(inherited) @executable_path/Frameworks";
				PRODUCT_NAME = "$(TARGET_NAME)";
			};
			name = Debug;
		};
		88387D661A5B79EC0095625D /* Release */ = {
			isa = XCBuildConfiguration;
			buildSettings = {
				ASSETCATALOG_COMPILER_APPICON_NAME = AppIcon;
				INFOPLIST_FILE = Giants/Info.plist;
				LD_RUNPATH_SEARCH_PATHS = "$(inherited) @executable_path/Frameworks";
				PRODUCT_NAME = "$(TARGET_NAME)";
			};
			name = Release;
		};
		88387D681A5B79EC0095625D /* Debug */ = {
			isa = XCBuildConfiguration;
			buildSettings = {
				BUNDLE_LOADER = "$(TEST_HOST)";
				FRAMEWORK_SEARCH_PATHS = (
					"$(SDKROOT)/Developer/Library/Frameworks",
					"$(inherited)",
				);
				GCC_PREPROCESSOR_DEFINITIONS = (
					"DEBUG=1",
					"$(inherited)",
				);
				INFOPLIST_FILE = GiantsTests/Info.plist;
				LD_RUNPATH_SEARCH_PATHS = "$(inherited) @executable_path/Frameworks @loader_path/Frameworks";
				PRODUCT_NAME = "$(TARGET_NAME)";
				TEST_HOST = "$(BUILT_PRODUCTS_DIR)/Giants.app/Giants";
			};
			name = Debug;
		};
		88387D691A5B79EC0095625D /* Release */ = {
			isa = XCBuildConfiguration;
			buildSettings = {
				BUNDLE_LOADER = "$(TEST_HOST)";
				FRAMEWORK_SEARCH_PATHS = (
					"$(SDKROOT)/Developer/Library/Frameworks",
					"$(inherited)",
				);
				INFOPLIST_FILE = GiantsTests/Info.plist;
				LD_RUNPATH_SEARCH_PATHS = "$(inherited) @executable_path/Frameworks @loader_path/Frameworks";
				PRODUCT_NAME = "$(TARGET_NAME)";
				TEST_HOST = "$(BUILT_PRODUCTS_DIR)/Giants.app/Giants";
			};
			name = Release;
		};
/* End XCBuildConfiguration section */

/* Begin XCConfigurationList section */
		88387D401A5B79EB0095625D /* Build configuration list for PBXProject "Giants" */ = {
			isa = XCConfigurationList;
			buildConfigurations = (
				88387D621A5B79EC0095625D /* Debug */,
				88387D631A5B79EC0095625D /* Release */,
			);
			defaultConfigurationIsVisible = 0;
			defaultConfigurationName = Release;
		};
		88387D641A5B79EC0095625D /* Build configuration list for PBXNativeTarget "Giants" */ = {
			isa = XCConfigurationList;
			buildConfigurations = (
				88387D651A5B79EC0095625D /* Debug */,
				88387D661A5B79EC0095625D /* Release */,
			);
			defaultConfigurationIsVisible = 0;
		};
		88387D671A5B79EC0095625D /* Build configuration list for PBXNativeTarget "GiantsTests" */ = {
			isa = XCConfigurationList;
			buildConfigurations = (
				88387D681A5B79EC0095625D /* Debug */,
				88387D691A5B79EC0095625D /* Release */,
			);
			defaultConfigurationIsVisible = 0;
		};
/* End XCConfigurationList section */
	};
	rootObject = 88387D3D1A5B79EB0095625D /* Project object */;
}
