// !$*UTF8*$!
{
	archiveVersion = 1;
	classes = {
	};
	objectVersion = 46;
	objects = {

/* Begin PBXBuildFile section */
		882680B219A8ACF90013477B /* AppDelegate.swift in Sources */ = {isa = PBXBuildFile; fileRef = 882680B119A8ACF90013477B /* AppDelegate.swift */; };
		882680B419A8ACF90013477B /* ViewController.swift in Sources */ = {isa = PBXBuildFile; fileRef = 882680B319A8ACF90013477B /* ViewController.swift */; };
		882680B719A8ACF90013477B /* Main.storyboard in Resources */ = {isa = PBXBuildFile; fileRef = 882680B519A8ACF90013477B /* Main.storyboard */; };
		882680B919A8ACF90013477B /* Images.xcassets in Resources */ = {isa = PBXBuildFile; fileRef = 882680B819A8ACF90013477B /* Images.xcassets */; };
		882680C519A8ACF90013477B /* Animations_Part2Tests.swift in Sources */ = {isa = PBXBuildFile; fileRef = 882680C419A8ACF90013477B /* Animations_Part2Tests.swift */; };
/* End PBXBuildFile section */

/* Begin PBXContainerItemProxy section */
		882680BF19A8ACF90013477B /* PBXContainerItemProxy */ = {
			isa = PBXContainerItemProxy;
			containerPortal = 882680A419A8ACF90013477B /* Project object */;
			proxyType = 1;
			remoteGlobalIDString = 882680AB19A8ACF90013477B;
			remoteInfo = "Animations-Part2";
		};
/* End PBXContainerItemProxy section */

/* Begin PBXFileReference section */
		882680AC19A8ACF90013477B /* Animations-Part2.app */ = {isa = PBXFileReference; explicitFileType = wrapper.application; includeInIndex = 0; path = "Animations-Part2.app"; sourceTree = BUILT_PRODUCTS_DIR; };
		882680B019A8ACF90013477B /* Info.plist */ = {isa = PBXFileReference; lastKnownFileType = text.plist.xml; path = Info.plist; sourceTree = "<group>"; };
		882680B119A8ACF90013477B /* AppDelegate.swift */ = {isa = PBXFileReference; lastKnownFileType = sourcecode.swift; path = AppDelegate.swift; sourceTree = "<group>"; };
		882680B319A8ACF90013477B /* ViewController.swift */ = {isa = PBXFileReference; lastKnownFileType = sourcecode.swift; path = ViewController.swift; sourceTree = "<group>"; };
		882680B619A8ACF90013477B /* Base */ = {isa = PBXFileReference; lastKnownFileType = file.storyboard; name = Base; path = Base.lproj/Main.storyboard; sourceTree = "<group>"; };
		882680B819A8ACF90013477B /* Images.xcassets */ = {isa = PBXFileReference; lastKnownFileType = folder.assetcatalog; path = Images.xcassets; sourceTree = "<group>"; };
		882680BE19A8ACF90013477B /* Animations-Part2Tests.xctest */ = {isa = PBXFileReference; explicitFileType = wrapper.cfbundle; includeInIndex = 0; path = "Animations-Part2Tests.xctest"; sourceTree = BUILT_PRODUCTS_DIR; };
		882680C319A8ACF90013477B /* Info.plist */ = {isa = PBXFileReference; lastKnownFileType = text.plist.xml; path = Info.plist; sourceTree = "<group>"; };
		882680C419A8ACF90013477B /* Animations_Part2Tests.swift */ = {isa = PBXFileReference; lastKnownFileType = sourcecode.swift; path = Animations_Part2Tests.swift; sourceTree = "<group>"; };
/* End PBXFileReference section */

/* Begin PBXFrameworksBuildPhase section */
		882680A919A8ACF90013477B /* Frameworks */ = {
			isa = PBXFrameworksBuildPhase;
			buildActionMask = 2147483647;
			files = (
			);
			runOnlyForDeploymentPostprocessing = 0;
		};
		882680BB19A8ACF90013477B /* Frameworks */ = {
			isa = PBXFrameworksBuildPhase;
			buildActionMask = 2147483647;
			files = (
			);
			runOnlyForDeploymentPostprocessing = 0;
		};
/* End PBXFrameworksBuildPhase section */

/* Begin PBXGroup section */
		882680A319A8ACF90013477B = {
			isa = PBXGroup;
			children = (
				882680AE19A8ACF90013477B /* Animations-Part2 */,
				882680C119A8ACF90013477B /* Animations-Part2Tests */,
				882680AD19A8ACF90013477B /* Products */,
			);
			sourceTree = "<group>";
		};
		882680AD19A8ACF90013477B /* Products */ = {
			isa = PBXGroup;
			children = (
				882680AC19A8ACF90013477B /* Animations-Part2.app */,
				882680BE19A8ACF90013477B /* Animations-Part2Tests.xctest */,
			);
			name = Products;
			sourceTree = "<group>";
		};
		882680AE19A8ACF90013477B /* Animations-Part2 */ = {
			isa = PBXGroup;
			children = (
				882680B119A8ACF90013477B /* AppDelegate.swift */,
				882680B319A8ACF90013477B /* ViewController.swift */,
				882680B519A8ACF90013477B /* Main.storyboard */,
				882680B819A8ACF90013477B /* Images.xcassets */,
				882680AF19A8ACF90013477B /* Supporting Files */,
			);
			path = "Animations-Part2";
			sourceTree = "<group>";
		};
		882680AF19A8ACF90013477B /* Supporting Files */ = {
			isa = PBXGroup;
			children = (
				882680B019A8ACF90013477B /* Info.plist */,
			);
			name = "Supporting Files";
			sourceTree = "<group>";
		};
		882680C119A8ACF90013477B /* Animations-Part2Tests */ = {
			isa = PBXGroup;
			children = (
				882680C419A8ACF90013477B /* Animations_Part2Tests.swift */,
				882680C219A8ACF90013477B /* Supporting Files */,
			);
			path = "Animations-Part2Tests";
			sourceTree = "<group>";
		};
		882680C219A8ACF90013477B /* Supporting Files */ = {
			isa = PBXGroup;
			children = (
				882680C319A8ACF90013477B /* Info.plist */,
			);
			name = "Supporting Files";
			sourceTree = "<group>";
		};
/* End PBXGroup section */

/* Begin PBXNativeTarget section */
		882680AB19A8ACF90013477B /* Animations-Part2 */ = {
			isa = PBXNativeTarget;
			buildConfigurationList = 882680C819A8ACF90013477B /* Build configuration list for PBXNativeTarget "Animations-Part2" */;
			buildPhases = (
				882680A819A8ACF90013477B /* Sources */,
				882680A919A8ACF90013477B /* Frameworks */,
				882680AA19A8ACF90013477B /* Resources */,
			);
			buildRules = (
			);
			dependencies = (
			);
			name = "Animations-Part2";
			productName = "Animations-Part2";
			productReference = 882680AC19A8ACF90013477B /* Animations-Part2.app */;
			productType = "com.apple.product-type.application";
		};
		882680BD19A8ACF90013477B /* Animations-Part2Tests */ = {
			isa = PBXNativeTarget;
			buildConfigurationList = 882680CB19A8ACF90013477B /* Build configuration list for PBXNativeTarget "Animations-Part2Tests" */;
			buildPhases = (
				882680BA19A8ACF90013477B /* Sources */,
				882680BB19A8ACF90013477B /* Frameworks */,
				882680BC19A8ACF90013477B /* Resources */,
			);
			buildRules = (
			);
			dependencies = (
				882680C019A8ACF90013477B /* PBXTargetDependency */,
			);
			name = "Animations-Part2Tests";
			productName = "Animations-Part2Tests";
			productReference = 882680BE19A8ACF90013477B /* Animations-Part2Tests.xctest */;
			productType = "com.apple.product-type.bundle.unit-test";
		};
/* End PBXNativeTarget section */

/* Begin PBXProject section */
		882680A419A8ACF90013477B /* Project object */ = {
			isa = PBXProject;
			attributes = {
				LastUpgradeCheck = 0600;
				ORGANIZATIONNAME = "Timothy Dang";
				TargetAttributes = {
					882680AB19A8ACF90013477B = {
						CreatedOnToolsVersion = 6.0;
					};
					882680BD19A8ACF90013477B = {
						CreatedOnToolsVersion = 6.0;
						TestTargetID = 882680AB19A8ACF90013477B;
					};
				};
			};
			buildConfigurationList = 882680A719A8ACF90013477B /* Build configuration list for PBXProject "Animations-Part2" */;
			compatibilityVersion = "Xcode 3.2";
			developmentRegion = English;
			hasScannedForEncodings = 0;
			knownRegions = (
				en,
				Base,
			);
			mainGroup = 882680A319A8ACF90013477B;
			productRefGroup = 882680AD19A8ACF90013477B /* Products */;
			projectDirPath = "";
			projectRoot = "";
			targets = (
				882680AB19A8ACF90013477B /* Animations-Part2 */,
				882680BD19A8ACF90013477B /* Animations-Part2Tests */,
			);
		};
/* End PBXProject section */

/* Begin PBXResourcesBuildPhase section */
		882680AA19A8ACF90013477B /* Resources */ = {
			isa = PBXResourcesBuildPhase;
			buildActionMask = 2147483647;
			files = (
				882680B719A8ACF90013477B /* Main.storyboard in Resources */,
				882680B919A8ACF90013477B /* Images.xcassets in Resources */,
			);
			runOnlyForDeploymentPostprocessing = 0;
		};
		882680BC19A8ACF90013477B /* Resources */ = {
			isa = PBXResourcesBuildPhase;
			buildActionMask = 2147483647;
			files = (
			);
			runOnlyForDeploymentPostprocessing = 0;
		};
/* End PBXResourcesBuildPhase section */

/* Begin PBXSourcesBuildPhase section */
		882680A819A8ACF90013477B /* Sources */ = {
			isa = PBXSourcesBuildPhase;
			buildActionMask = 2147483647;
			files = (
				882680B419A8ACF90013477B /* ViewController.swift in Sources */,
				882680B219A8ACF90013477B /* AppDelegate.swift in Sources */,
			);
			runOnlyForDeploymentPostprocessing = 0;
		};
		882680BA19A8ACF90013477B /* Sources */ = {
			isa = PBXSourcesBuildPhase;
			buildActionMask = 2147483647;
			files = (
				882680C519A8ACF90013477B /* Animations_Part2Tests.swift in Sources */,
			);
			runOnlyForDeploymentPostprocessing = 0;
		};
/* End PBXSourcesBuildPhase section */

/* Begin PBXTargetDependency section */
		882680C019A8ACF90013477B /* PBXTargetDependency */ = {
			isa = PBXTargetDependency;
			target = 882680AB19A8ACF90013477B /* Animations-Part2 */;
			targetProxy = 882680BF19A8ACF90013477B /* PBXContainerItemProxy */;
		};
/* End PBXTargetDependency section */

/* Begin PBXVariantGroup section */
		882680B519A8ACF90013477B /* Main.storyboard */ = {
			isa = PBXVariantGroup;
			children = (
				882680B619A8ACF90013477B /* Base */,
			);
			name = Main.storyboard;
			sourceTree = "<group>";
		};
/* End PBXVariantGroup section */

/* Begin XCBuildConfiguration section */
		882680C619A8ACF90013477B /* Debug */ = {
			isa = XCBuildConfiguration;
			buildSettings = {
				ALWAYS_SEARCH_USER_PATHS = NO;
				CLANG_CXX_LANGUAGE_STANDARD = "gnu++0x";
				CLANG_CXX_LIBRARY = "libc++";
				CLANG_ENABLE_MODULES = YES;
				CLANG_ENABLE_OBJC_ARC = YES;
				CLANG_WARN_BOOL_CONVERSION = YES;
				CLANG_WARN_CONSTANT_CONVERSION = YES;
				CLANG_WARN_DIRECT_OBJC_ISA_USAGE = YES_ERROR;
				CLANG_WARN_EMPTY_BODY = YES;
				CLANG_WARN_ENUM_CONVERSION = YES;
				CLANG_WARN_INT_CONVERSION = YES;
				CLANG_WARN_OBJC_ROOT_CLASS = YES_ERROR;
				CLANG_WARN_UNREACHABLE_CODE = YES;
				CLANG_WARN__DUPLICATE_METHOD_MATCH = YES;
				"CODE_SIGN_IDENTITY[sdk=iphoneos*]" = "iPhone Developer";
				COPY_PHASE_STRIP = NO;
				ENABLE_STRICT_OBJC_MSGSEND = YES;
				GCC_C_LANGUAGE_STANDARD = gnu99;
				GCC_DYNAMIC_NO_PIC = NO;
				GCC_OPTIMIZATION_LEVEL = 0;
				GCC_PREPROCESSOR_DEFINITIONS = (
					"DEBUG=1",
					"$(inherited)",
				);
				GCC_SYMBOLS_PRIVATE_EXTERN = NO;
				GCC_WARN_64_TO_32_BIT_CONVERSION = YES;
				GCC_WARN_ABOUT_RETURN_TYPE = YES_ERROR;
				GCC_WARN_UNDECLARED_SELECTOR = YES;
				GCC_WARN_UNINITIALIZED_AUTOS = YES_AGGRESSIVE;
				GCC_WARN_UNUSED_FUNCTION = YES;
				GCC_WARN_UNUSED_VARIABLE = YES;
				IPHONEOS_DEPLOYMENT_TARGET = 8.0;
				MTL_ENABLE_DEBUG_INFO = YES;
				ONLY_ACTIVE_ARCH = YES;
				SDKROOT = iphoneos;
				SWIFT_OPTIMIZATION_LEVEL = "-Onone";
			};
			name = Debug;
		};
		882680C719A8ACF90013477B /* Release */ = {
			isa = XCBuildConfiguration;
			buildSettings = {
				ALWAYS_SEARCH_USER_PATHS = NO;
				CLANG_CXX_LANGUAGE_STANDARD = "gnu++0x";
				CLANG_CXX_LIBRARY = "libc++";
				CLANG_ENABLE_MODULES = YES;
				CLANG_ENABLE_OBJC_ARC = YES;
				CLANG_WARN_BOOL_CONVERSION = YES;
				CLANG_WARN_CONSTANT_CONVERSION = YES;
				CLANG_WARN_DIRECT_OBJC_ISA_USAGE = YES_ERROR;
				CLANG_WARN_EMPTY_BODY = YES;
				CLANG_WARN_ENUM_CONVERSION = YES;
				CLANG_WARN_INT_CONVERSION = YES;
				CLANG_WARN_OBJC_ROOT_CLASS = YES_ERROR;
				CLANG_WARN_UNREACHABLE_CODE = YES;
				CLANG_WARN__DUPLICATE_METHOD_MATCH = YES;
				"CODE_SIGN_IDENTITY[sdk=iphoneos*]" = "iPhone Developer";
				COPY_PHASE_STRIP = YES;
				ENABLE_NS_ASSERTIONS = NO;
				ENABLE_STRICT_OBJC_MSGSEND = YES;
				GCC_C_LANGUAGE_STANDARD = gnu99;
				GCC_WARN_64_TO_32_BIT_CONVERSION = YES;
				GCC_WARN_ABOUT_RETURN_TYPE = YES_ERROR;
				GCC_WARN_UNDECLARED_SELECTOR = YES;
				GCC_WARN_UNINITIALIZED_AUTOS = YES_AGGRESSIVE;
				GCC_WARN_UNUSED_FUNCTION = YES;
				GCC_WARN_UNUSED_VARIABLE = YES;
				IPHONEOS_DEPLOYMENT_TARGET = 8.0;
				MTL_ENABLE_DEBUG_INFO = NO;
				SDKROOT = iphoneos;
				VALIDATE_PRODUCT = YES;
			};
			name = Release;
		};
		882680C919A8ACF90013477B /* Debug */ = {
			isa = XCBuildConfiguration;
			buildSettings = {
				ASSETCATALOG_COMPILER_APPICON_NAME = AppIcon;
				ASSETCATALOG_COMPILER_LAUNCHIMAGE_NAME = LaunchImage;
				INFOPLIST_FILE = "Animations-Part2/Info.plist";
				LD_RUNPATH_SEARCH_PATHS = "$(inherited) @executable_path/Frameworks";
				PRODUCT_NAME = "$(TARGET_NAME)";
			};
			name = Debug;
		};
		882680CA19A8ACF90013477B /* Release */ = {
			isa = XCBuildConfiguration;
			buildSettings = {
				ASSETCATALOG_COMPILER_APPICON_NAME = AppIcon;
				ASSETCATALOG_COMPILER_LAUNCHIMAGE_NAME = LaunchImage;
				INFOPLIST_FILE = "Animations-Part2/Info.plist";
				LD_RUNPATH_SEARCH_PATHS = "$(inherited) @executable_path/Frameworks";
				PRODUCT_NAME = "$(TARGET_NAME)";
			};
			name = Release;
		};
		882680CC19A8ACF90013477B /* Debug */ = {
			isa = XCBuildConfiguration;
			buildSettings = {
				BUNDLE_LOADER = "$(BUILT_PRODUCTS_DIR)/Animations-Part2.app/Animations-Part2";
				FRAMEWORK_SEARCH_PATHS = (
					"$(SDKROOT)/Developer/Library/Frameworks",
					"$(inherited)",
				);
				GCC_PREPROCESSOR_DEFINITIONS = (
					"DEBUG=1",
					"$(inherited)",
				);
				INFOPLIST_FILE = "Animations-Part2Tests/Info.plist";
				LD_RUNPATH_SEARCH_PATHS = "$(inherited) @executable_path/Frameworks @loader_path/Frameworks";
				PRODUCT_NAME = "$(TARGET_NAME)";
				TEST_HOST = "$(BUNDLE_LOADER)";
			};
			name = Debug;
		};
		882680CD19A8ACF90013477B /* Release */ = {
			isa = XCBuildConfiguration;
			buildSettings = {
				BUNDLE_LOADER = "$(BUILT_PRODUCTS_DIR)/Animations-Part2.app/Animations-Part2";
				FRAMEWORK_SEARCH_PATHS = (
					"$(SDKROOT)/Developer/Library/Frameworks",
					"$(inherited)",
				);
				INFOPLIST_FILE = "Animations-Part2Tests/Info.plist";
				LD_RUNPATH_SEARCH_PATHS = "$(inherited) @executable_path/Frameworks @loader_path/Frameworks";
				PRODUCT_NAME = "$(TARGET_NAME)";
				TEST_HOST = "$(BUNDLE_LOADER)";
			};
			name = Release;
		};
/* End XCBuildConfiguration section */

/* Begin XCConfigurationList section */
		882680A719A8ACF90013477B /* Build configuration list for PBXProject "Animations-Part2" */ = {
			isa = XCConfigurationList;
			buildConfigurations = (
				882680C619A8ACF90013477B /* Debug */,
				882680C719A8ACF90013477B /* Release */,
			);
			defaultConfigurationIsVisible = 0;
			defaultConfigurationName = Release;
		};
		882680C819A8ACF90013477B /* Build configuration list for PBXNativeTarget "Animations-Part2" */ = {
			isa = XCConfigurationList;
			buildConfigurations = (
				882680C919A8ACF90013477B /* Debug */,
				882680CA19A8ACF90013477B /* Release */,
			);
			defaultConfigurationIsVisible = 0;
		};
		882680CB19A8ACF90013477B /* Build configuration list for PBXNativeTarget "Animations-Part2Tests" */ = {
			isa = XCConfigurationList;
			buildConfigurations = (
				882680CC19A8ACF90013477B /* Debug */,
				882680CD19A8ACF90013477B /* Release */,
			);
			defaultConfigurationIsVisible = 0;
		};
/* End XCConfigurationList section */
	};
	rootObject = 882680A419A8ACF90013477B /* Project object */;
}
