// !$*UTF8*$!
{
	archiveVersion = 1;
	classes = {
	};
	objectVersion = 46;
	objects = {

/* Begin PBXBuildFile section */
		88BEC75E19945497007BE1BA /* AppDelegate.swift in Sources */ = {isa = PBXBuildFile; fileRef = 88BEC75D19945497007BE1BA /* AppDelegate.swift */; };
		88BEC76019945497007BE1BA /* ViewController.swift in Sources */ = {isa = PBXBuildFile; fileRef = 88BEC75F19945497007BE1BA /* ViewController.swift */; };
		88BEC76319945497007BE1BA /* Main.storyboard in Resources */ = {isa = PBXBuildFile; fileRef = 88BEC76119945497007BE1BA /* Main.storyboard */; };
		88BEC76519945497007BE1BA /* Images.xcassets in Resources */ = {isa = PBXBuildFile; fileRef = 88BEC76419945497007BE1BA /* Images.xcassets */; };
		88BEC77119945498007BE1BA /* TipCalculatorTests.swift in Sources */ = {isa = PBXBuildFile; fileRef = 88BEC77019945498007BE1BA /* TipCalculatorTests.swift */; };
		88BEC77D199454F9007BE1BA /* TipCalculatorModel.swift in Sources */ = {isa = PBXBuildFile; fileRef = 88BEC77C199454F9007BE1BA /* TipCalculatorModel.swift */; };
/* End PBXBuildFile section */

/* Begin PBXContainerItemProxy section */
		88BEC76B19945498007BE1BA /* PBXContainerItemProxy */ = {
			isa = PBXContainerItemProxy;
			containerPortal = 88BEC75019945497007BE1BA /* Project object */;
			proxyType = 1;
			remoteGlobalIDString = 88BEC75719945497007BE1BA;
			remoteInfo = TipCalculator;
		};
/* End PBXContainerItemProxy section */

/* Begin PBXFileReference section */
		88BEC75819945497007BE1BA /* TipCalculator.app */ = {isa = PBXFileReference; explicitFileType = wrapper.application; includeInIndex = 0; path = TipCalculator.app; sourceTree = BUILT_PRODUCTS_DIR; };
		88BEC75C19945497007BE1BA /* Info.plist */ = {isa = PBXFileReference; lastKnownFileType = text.plist.xml; path = Info.plist; sourceTree = "<group>"; };
		88BEC75D19945497007BE1BA /* AppDelegate.swift */ = {isa = PBXFileReference; lastKnownFileType = sourcecode.swift; path = AppDelegate.swift; sourceTree = "<group>"; };
		88BEC75F19945497007BE1BA /* ViewController.swift */ = {isa = PBXFileReference; lastKnownFileType = sourcecode.swift; path = ViewController.swift; sourceTree = "<group>"; };
		88BEC76219945497007BE1BA /* Base */ = {isa = PBXFileReference; lastKnownFileType = file.storyboard; name = Base; path = Base.lproj/Main.storyboard; sourceTree = "<group>"; };
		88BEC76419945497007BE1BA /* Images.xcassets */ = {isa = PBXFileReference; lastKnownFileType = folder.assetcatalog; path = Images.xcassets; sourceTree = "<group>"; };
		88BEC76A19945497007BE1BA /* TipCalculatorTests.xctest */ = {isa = PBXFileReference; explicitFileType = wrapper.cfbundle; includeInIndex = 0; path = TipCalculatorTests.xctest; sourceTree = BUILT_PRODUCTS_DIR; };
		88BEC76F19945498007BE1BA /* Info.plist */ = {isa = PBXFileReference; lastKnownFileType = text.plist.xml; path = Info.plist; sourceTree = "<group>"; };
		88BEC77019945498007BE1BA /* TipCalculatorTests.swift */ = {isa = PBXFileReference; lastKnownFileType = sourcecode.swift; path = TipCalculatorTests.swift; sourceTree = "<group>"; };
		88BEC77C199454F9007BE1BA /* TipCalculatorModel.swift */ = {isa = PBXFileReference; fileEncoding = 4; lastKnownFileType = sourcecode.swift; path = TipCalculatorModel.swift; sourceTree = "<group>"; };
/* End PBXFileReference section */

/* Begin PBXFrameworksBuildPhase section */
		88BEC75519945497007BE1BA /* Frameworks */ = {
			isa = PBXFrameworksBuildPhase;
			buildActionMask = 2147483647;
			files = (
			);
			runOnlyForDeploymentPostprocessing = 0;
		};
		88BEC76719945497007BE1BA /* Frameworks */ = {
			isa = PBXFrameworksBuildPhase;
			buildActionMask = 2147483647;
			files = (
			);
			runOnlyForDeploymentPostprocessing = 0;
		};
/* End PBXFrameworksBuildPhase section */

/* Begin PBXGroup section */
		88BEC74F19945497007BE1BA = {
			isa = PBXGroup;
			children = (
				88BEC75A19945497007BE1BA /* TipCalculator */,
				88BEC76D19945498007BE1BA /* TipCalculatorTests */,
				88BEC75919945497007BE1BA /* Products */,
			);
			sourceTree = "<group>";
		};
		88BEC75919945497007BE1BA /* Products */ = {
			isa = PBXGroup;
			children = (
				88BEC75819945497007BE1BA /* TipCalculator.app */,
				88BEC76A19945497007BE1BA /* TipCalculatorTests.xctest */,
			);
			name = Products;
			sourceTree = "<group>";
		};
		88BEC75A19945497007BE1BA /* TipCalculator */ = {
			isa = PBXGroup;
			children = (
				88BEC77C199454F9007BE1BA /* TipCalculatorModel.swift */,
				88BEC75D19945497007BE1BA /* AppDelegate.swift */,
				88BEC75F19945497007BE1BA /* ViewController.swift */,
				88BEC76119945497007BE1BA /* Main.storyboard */,
				88BEC76419945497007BE1BA /* Images.xcassets */,
				88BEC75B19945497007BE1BA /* Supporting Files */,
			);
			path = TipCalculator;
			sourceTree = "<group>";
		};
		88BEC75B19945497007BE1BA /* Supporting Files */ = {
			isa = PBXGroup;
			children = (
				88BEC75C19945497007BE1BA /* Info.plist */,
			);
			name = "Supporting Files";
			sourceTree = "<group>";
		};
		88BEC76D19945498007BE1BA /* TipCalculatorTests */ = {
			isa = PBXGroup;
			children = (
				88BEC77019945498007BE1BA /* TipCalculatorTests.swift */,
				88BEC76E19945498007BE1BA /* Supporting Files */,
			);
			path = TipCalculatorTests;
			sourceTree = "<group>";
		};
		88BEC76E19945498007BE1BA /* Supporting Files */ = {
			isa = PBXGroup;
			children = (
				88BEC76F19945498007BE1BA /* Info.plist */,
			);
			name = "Supporting Files";
			sourceTree = "<group>";
		};
/* End PBXGroup section */

/* Begin PBXNativeTarget section */
		88BEC75719945497007BE1BA /* TipCalculator */ = {
			isa = PBXNativeTarget;
			buildConfigurationList = 88BEC77419945498007BE1BA /* Build configuration list for PBXNativeTarget "TipCalculator" */;
			buildPhases = (
				88BEC75419945497007BE1BA /* Sources */,
				88BEC75519945497007BE1BA /* Frameworks */,
				88BEC75619945497007BE1BA /* Resources */,
			);
			buildRules = (
			);
			dependencies = (
			);
			name = TipCalculator;
			productName = TipCalculator;
			productReference = 88BEC75819945497007BE1BA /* TipCalculator.app */;
			productType = "com.apple.product-type.application";
		};
		88BEC76919945497007BE1BA /* TipCalculatorTests */ = {
			isa = PBXNativeTarget;
			buildConfigurationList = 88BEC77719945498007BE1BA /* Build configuration list for PBXNativeTarget "TipCalculatorTests" */;
			buildPhases = (
				88BEC76619945497007BE1BA /* Sources */,
				88BEC76719945497007BE1BA /* Frameworks */,
				88BEC76819945497007BE1BA /* Resources */,
			);
			buildRules = (
			);
			dependencies = (
				88BEC76C19945498007BE1BA /* PBXTargetDependency */,
			);
			name = TipCalculatorTests;
			productName = TipCalculatorTests;
			productReference = 88BEC76A19945497007BE1BA /* TipCalculatorTests.xctest */;
			productType = "com.apple.product-type.bundle.unit-test";
		};
/* End PBXNativeTarget section */

/* Begin PBXProject section */
		88BEC75019945497007BE1BA /* Project object */ = {
			isa = PBXProject;
			attributes = {
				LastUpgradeCheck = 0600;
				ORGANIZATIONNAME = "Timothy Dang";
				TargetAttributes = {
					88BEC75719945497007BE1BA = {
						CreatedOnToolsVersion = 6.0;
					};
					88BEC76919945497007BE1BA = {
						CreatedOnToolsVersion = 6.0;
						TestTargetID = 88BEC75719945497007BE1BA;
					};
				};
			};
			buildConfigurationList = 88BEC75319945497007BE1BA /* Build configuration list for PBXProject "TipCalculator" */;
			compatibilityVersion = "Xcode 3.2";
			developmentRegion = English;
			hasScannedForEncodings = 0;
			knownRegions = (
				en,
				Base,
			);
			mainGroup = 88BEC74F19945497007BE1BA;
			productRefGroup = 88BEC75919945497007BE1BA /* Products */;
			projectDirPath = "";
			projectRoot = "";
			targets = (
				88BEC75719945497007BE1BA /* TipCalculator */,
				88BEC76919945497007BE1BA /* TipCalculatorTests */,
			);
		};
/* End PBXProject section */

/* Begin PBXResourcesBuildPhase section */
		88BEC75619945497007BE1BA /* Resources */ = {
			isa = PBXResourcesBuildPhase;
			buildActionMask = 2147483647;
			files = (
				88BEC76319945497007BE1BA /* Main.storyboard in Resources */,
				88BEC76519945497007BE1BA /* Images.xcassets in Resources */,
			);
			runOnlyForDeploymentPostprocessing = 0;
		};
		88BEC76819945497007BE1BA /* Resources */ = {
			isa = PBXResourcesBuildPhase;
			buildActionMask = 2147483647;
			files = (
			);
			runOnlyForDeploymentPostprocessing = 0;
		};
/* End PBXResourcesBuildPhase section */

/* Begin PBXSourcesBuildPhase section */
		88BEC75419945497007BE1BA /* Sources */ = {
			isa = PBXSourcesBuildPhase;
			buildActionMask = 2147483647;
			files = (
				88BEC77D199454F9007BE1BA /* TipCalculatorModel.swift in Sources */,
				88BEC76019945497007BE1BA /* ViewController.swift in Sources */,
				88BEC75E19945497007BE1BA /* AppDelegate.swift in Sources */,
			);
			runOnlyForDeploymentPostprocessing = 0;
		};
		88BEC76619945497007BE1BA /* Sources */ = {
			isa = PBXSourcesBuildPhase;
			buildActionMask = 2147483647;
			files = (
				88BEC77119945498007BE1BA /* TipCalculatorTests.swift in Sources */,
			);
			runOnlyForDeploymentPostprocessing = 0;
		};
/* End PBXSourcesBuildPhase section */

/* Begin PBXTargetDependency section */
		88BEC76C19945498007BE1BA /* PBXTargetDependency */ = {
			isa = PBXTargetDependency;
			target = 88BEC75719945497007BE1BA /* TipCalculator */;
			targetProxy = 88BEC76B19945498007BE1BA /* PBXContainerItemProxy */;
		};
/* End PBXTargetDependency section */

/* Begin PBXVariantGroup section */
		88BEC76119945497007BE1BA /* Main.storyboard */ = {
			isa = PBXVariantGroup;
			children = (
				88BEC76219945497007BE1BA /* Base */,
			);
			name = Main.storyboard;
			sourceTree = "<group>";
		};
/* End PBXVariantGroup section */

/* Begin XCBuildConfiguration section */
		88BEC77219945498007BE1BA /* Debug */ = {
			isa = XCBuildConfiguration;
			buildSettings = {
				ALWAYS_SEARCH_USER_PATHS = NO;
				CLANG_CXX_LANGUAGE_STANDARD = "gnu++0x";
				CLANG_CXX_LIBRARY = "libc++";
				CLANG_ENABLE_MODULES = YES;
				CLANG_ENABLE_OBJC_ARC = YES;
				CLANG_WARN_BOOL_CONVERSION = YES;
				CLANG_WARN_CONSTANT_CONVERSION = YES;
				CLANG_WARN_DIRECT_OBJC_ISA_USAGE = YES_ERROR;
				CLANG_WARN_EMPTY_BODY = YES;
				CLANG_WARN_ENUM_CONVERSION = YES;
				CLANG_WARN_INT_CONVERSION = YES;
				CLANG_WARN_OBJC_ROOT_CLASS = YES_ERROR;
				CLANG_WARN_UNREACHABLE_CODE = YES;
				CLANG_WARN__DUPLICATE_METHOD_MATCH = YES;
				"CODE_SIGN_IDENTITY[sdk=iphoneos*]" = "iPhone Developer";
				COPY_PHASE_STRIP = NO;
				ENABLE_STRICT_OBJC_MSGSEND = YES;
				GCC_C_LANGUAGE_STANDARD = gnu99;
				GCC_DYNAMIC_NO_PIC = NO;
				GCC_OPTIMIZATION_LEVEL = 0;
				GCC_PREPROCESSOR_DEFINITIONS = (
					"DEBUG=1",
					"$(inherited)",
				);
				GCC_SYMBOLS_PRIVATE_EXTERN = NO;
				GCC_WARN_64_TO_32_BIT_CONVERSION = YES;
				GCC_WARN_ABOUT_RETURN_TYPE = YES_ERROR;
				GCC_WARN_UNDECLARED_SELECTOR = YES;
				GCC_WARN_UNINITIALIZED_AUTOS = YES_AGGRESSIVE;
				GCC_WARN_UNUSED_FUNCTION = YES;
				GCC_WARN_UNUSED_VARIABLE = YES;
				IPHONEOS_DEPLOYMENT_TARGET = 8.0;
				MTL_ENABLE_DEBUG_INFO = YES;
				ONLY_ACTIVE_ARCH = YES;
				SDKROOT = iphoneos;
				SWIFT_OPTIMIZATION_LEVEL = "-Onone";
			};
			name = Debug;
		};
		88BEC77319945498007BE1BA /* Release */ = {
			isa = XCBuildConfiguration;
			buildSettings = {
				ALWAYS_SEARCH_USER_PATHS = NO;
				CLANG_CXX_LANGUAGE_STANDARD = "gnu++0x";
				CLANG_CXX_LIBRARY = "libc++";
				CLANG_ENABLE_MODULES = YES;
				CLANG_ENABLE_OBJC_ARC = YES;
				CLANG_WARN_BOOL_CONVERSION = YES;
				CLANG_WARN_CONSTANT_CONVERSION = YES;
				CLANG_WARN_DIRECT_OBJC_ISA_USAGE = YES_ERROR;
				CLANG_WARN_EMPTY_BODY = YES;
				CLANG_WARN_ENUM_CONVERSION = YES;
				CLANG_WARN_INT_CONVERSION = YES;
				CLANG_WARN_OBJC_ROOT_CLASS = YES_ERROR;
				CLANG_WARN_UNREACHABLE_CODE = YES;
				CLANG_WARN__DUPLICATE_METHOD_MATCH = YES;
				"CODE_SIGN_IDENTITY[sdk=iphoneos*]" = "iPhone Developer";
				COPY_PHASE_STRIP = YES;
				ENABLE_NS_ASSERTIONS = NO;
				ENABLE_STRICT_OBJC_MSGSEND = YES;
				GCC_C_LANGUAGE_STANDARD = gnu99;
				GCC_WARN_64_TO_32_BIT_CONVERSION = YES;
				GCC_WARN_ABOUT_RETURN_TYPE = YES_ERROR;
				GCC_WARN_UNDECLARED_SELECTOR = YES;
				GCC_WARN_UNINITIALIZED_AUTOS = YES_AGGRESSIVE;
				GCC_WARN_UNUSED_FUNCTION = YES;
				GCC_WARN_UNUSED_VARIABLE = YES;
				IPHONEOS_DEPLOYMENT_TARGET = 8.0;
				MTL_ENABLE_DEBUG_INFO = NO;
				SDKROOT = iphoneos;
				VALIDATE_PRODUCT = YES;
			};
			name = Release;
		};
		88BEC77519945498007BE1BA /* Debug */ = {
			isa = XCBuildConfiguration;
			buildSettings = {
				ASSETCATALOG_COMPILER_APPICON_NAME = AppIcon;
				ASSETCATALOG_COMPILER_LAUNCHIMAGE_NAME = LaunchImage;
				INFOPLIST_FILE = TipCalculator/Info.plist;
				LD_RUNPATH_SEARCH_PATHS = "$(inherited) @executable_path/Frameworks";
				PRODUCT_NAME = "$(TARGET_NAME)";
			};
			name = Debug;
		};
		88BEC77619945498007BE1BA /* Release */ = {
			isa = XCBuildConfiguration;
			buildSettings = {
				ASSETCATALOG_COMPILER_APPICON_NAME = AppIcon;
				ASSETCATALOG_COMPILER_LAUNCHIMAGE_NAME = LaunchImage;
				INFOPLIST_FILE = TipCalculator/Info.plist;
				LD_RUNPATH_SEARCH_PATHS = "$(inherited) @executable_path/Frameworks";
				PRODUCT_NAME = "$(TARGET_NAME)";
			};
			name = Release;
		};
		88BEC77819945498007BE1BA /* Debug */ = {
			isa = XCBuildConfiguration;
			buildSettings = {
				BUNDLE_LOADER = "$(BUILT_PRODUCTS_DIR)/TipCalculator.app/TipCalculator";
				FRAMEWORK_SEARCH_PATHS = (
					"$(SDKROOT)/Developer/Library/Frameworks",
					"$(inherited)",
				);
				GCC_PREPROCESSOR_DEFINITIONS = (
					"DEBUG=1",
					"$(inherited)",
				);
				INFOPLIST_FILE = TipCalculatorTests/Info.plist;
				LD_RUNPATH_SEARCH_PATHS = "$(inherited) @executable_path/Frameworks @loader_path/Frameworks";
				PRODUCT_NAME = "$(TARGET_NAME)";
				TEST_HOST = "$(BUNDLE_LOADER)";
			};
			name = Debug;
		};
		88BEC77919945498007BE1BA /* Release */ = {
			isa = XCBuildConfiguration;
			buildSettings = {
				BUNDLE_LOADER = "$(BUILT_PRODUCTS_DIR)/TipCalculator.app/TipCalculator";
				FRAMEWORK_SEARCH_PATHS = (
					"$(SDKROOT)/Developer/Library/Frameworks",
					"$(inherited)",
				);
				INFOPLIST_FILE = TipCalculatorTests/Info.plist;
				LD_RUNPATH_SEARCH_PATHS = "$(inherited) @executable_path/Frameworks @loader_path/Frameworks";
				PRODUCT_NAME = "$(TARGET_NAME)";
				TEST_HOST = "$(BUNDLE_LOADER)";
			};
			name = Release;
		};
/* End XCBuildConfiguration section */

/* Begin XCConfigurationList section */
		88BEC75319945497007BE1BA /* Build configuration list for PBXProject "TipCalculator" */ = {
			isa = XCConfigurationList;
			buildConfigurations = (
				88BEC77219945498007BE1BA /* Debug */,
				88BEC77319945498007BE1BA /* Release */,
			);
			defaultConfigurationIsVisible = 0;
			defaultConfigurationName = Release;
		};
		88BEC77419945498007BE1BA /* Build configuration list for PBXNativeTarget "TipCalculator" */ = {
			isa = XCConfigurationList;
			buildConfigurations = (
				88BEC77519945498007BE1BA /* Debug */,
				88BEC77619945498007BE1BA /* Release */,
			);
			defaultConfigurationIsVisible = 0;
		};
		88BEC77719945498007BE1BA /* Build configuration list for PBXNativeTarget "TipCalculatorTests" */ = {
			isa = XCConfigurationList;
			buildConfigurations = (
				88BEC77819945498007BE1BA /* Debug */,
				88BEC77919945498007BE1BA /* Release */,
			);
			defaultConfigurationIsVisible = 0;
		};
/* End XCConfigurationList section */
	};
	rootObject = 88BEC75019945497007BE1BA /* Project object */;
}
